
Microsoft Visual Studio Solution File, Format Version 12.00
# Visual Studio 15
Project("{8BC9CEB8-8B4A-11D0-8D11-00A0C91BC942}") = "ALL_BUILD", "ALL_BUILD.vcxproj", "{F6CA895B-E73F-31E1-AC7E-7A2EC00CD165}"
	ProjectSection(ProjectDependencies) = postProject
		{9B9AF3F6-A4DC-3057-8BBC-D81B6E17B39B} = {9B9AF3F6-A4DC-3057-8BBC-D81B6E17B39B}
		{83B8F77D-6B5F-3033-9FB5-CD632BD5CA37} = {83B8F77D-6B5F-3033-9FB5-CD632BD5CA37}
	EndProjectSection
EndProject
Project("{8BC9CEB8-8B4A-11D0-8D11-00A0C91BC942}") = "INSTALL", "INSTALL.vcxproj", "{B864CDCD-63DA-3235-B558-298835B5C712}"
	ProjectSection(ProjectDependencies) = postProject
		{F6CA895B-E73F-31E1-AC7E-7A2EC00CD165} = {F6CA895B-E73F-31E1-AC7E-7A2EC00CD165}
		{9B9AF3F6-A4DC-3057-8BBC-D81B6E17B39B} = {9B9AF3F6-A4DC-3057-8BBC-D81B6E17B39B}
	EndProjectSection
EndProject
Project("{8BC9CEB8-8B4A-11D0-8D11-00A0C91BC942}") = "ZERO_CHECK", "ZERO_CHECK.vcxproj", "{9B9AF3F6-A4DC-3057-8BBC-D81B6E17B39B}"
	ProjectSection(ProjectDependencies) = postProject
	EndProjectSection
EndProject
Project("{8BC9CEB8-8B4A-11D0-8D11-00A0C91BC942}") = "serial", "serial.vcxproj", "{83B8F77D-6B5F-3033-9FB5-CD632BD5CA37}"
	ProjectSection(ProjectDependencies) = postProject
		{9B9AF3F6-A4DC-3057-8BBC-D81B6E17B39B} = {9B9AF3F6-A4DC-3057-8BBC-D81B6E17B39B}
	EndProjectSection
EndProject
Global
	GlobalSection(SolutionConfigurationPlatforms) = preSolution
		Debug|Win32 = Debug|Win32
		Release|Win32 = Release|Win32
		MinSizeRel|Win32 = MinSizeRel|Win32
		RelWithDebInfo|Win32 = RelWithDebInfo|Win32
	EndGlobalSection
	GlobalSection(ProjectConfigurationPlatforms) = postSolution
		{F6CA895B-E73F-31E1-AC7E-7A2EC00CD165}.Debug|Win32.ActiveCfg = Debug|Win32
		{F6CA895B-E73F-31E1-AC7E-7A2EC00CD165}.Debug|Win32.Build.0 = Debug|Win32
		{F6CA895B-E73F-31E1-AC7E-7A2EC00CD165}.Release|Win32.ActiveCfg = Release|Win32
		{F6CA895B-E73F-31E1-AC7E-7A2EC00CD165}.Release|Win32.Build.0 = Release|Win32
		{F6CA895B-E73F-31E1-AC7E-7A2EC00CD165}.MinSizeRel|Win32.ActiveCfg = MinSizeRel|Win32
		{F6CA895B-E73F-31E1-AC7E-7A2EC00CD165}.MinSizeRel|Win32.Build.0 = MinSizeRel|Win32
		{F6CA895B-E73F-31E1-AC7E-7A2EC00CD165}.RelWithDebInfo|Win32.ActiveCfg = RelWithDebInfo|Win32
		{F6CA895B-E73F-31E1-AC7E-7A2EC00CD165}.RelWithDebInfo|Win32.Build.0 = RelWithDebInfo|Win32
		{B864CDCD-63DA-3235-B558-298835B5C712}.Debug|Win32.ActiveCfg = Debug|Win32
		{B864CDCD-63DA-3235-B558-298835B5C712}.Release|Win32.ActiveCfg = Release|Win32
		{B864CDCD-63DA-3235-B558-298835B5C712}.MinSizeRel|Win32.ActiveCfg = MinSizeRel|Win32
		{B864CDCD-63DA-3235-B558-298835B5C712}.RelWithDebInfo|Win32.ActiveCfg = RelWithDebInfo|Win32
		{9B9AF3F6-A4DC-3057-8BBC-D81B6E17B39B}.Debug|Win32.ActiveCfg = Debug|Win32
		{9B9AF3F6-A4DC-3057-8BBC-D81B6E17B39B}.Debug|Win32.Build.0 = Debug|Win32
		{9B9AF3F6-A4DC-3057-8BBC-D81B6E17B39B}.Release|Win32.ActiveCfg = Release|Win32
		{9B9AF3F6-A4DC-3057-8BBC-D81B6E17B39B}.Release|Win32.Build.0 = Release|Win32
		{9B9AF3F6-A4DC-3057-8BBC-D81B6E17B39B}.MinSizeRel|Win32.ActiveCfg = MinSizeRel|Win32
		{9B9AF3F6-A4DC-3057-8BBC-D81B6E17B39B}.MinSizeRel|Win32.Build.0 = MinSizeRel|Win32
		{9B9AF3F6-A4DC-3057-8BBC-D81B6E17B39B}.RelWithDebInfo|Win32.ActiveCfg = RelWithDebInfo|Win32
		{9B9AF3F6-A4DC-3057-8BBC-D81B6E17B39B}.RelWithDebInfo|Win32.Build.0 = RelWithDebInfo|Win32
		{83B8F77D-6B5F-3033-9FB5-CD632BD5CA37}.Debug|Win32.ActiveCfg = Debug|Win32
		{83B8F77D-6B5F-3033-9FB5-CD632BD5CA37}.Debug|Win32.Build.0 = Debug|Win32
		{83B8F77D-6B5F-3033-9FB5-CD632BD5CA37}.Release|Win32.ActiveCfg = Release|Win32
		{83B8F77D-6B5F-3033-9FB5-CD632BD5CA37}.Release|Win32.Build.0 = Release|Win32
		{83B8F77D-6B5F-3033-9FB5-CD632BD5CA37}.MinSizeRel|Win32.ActiveCfg = MinSizeRel|Win32
		{83B8F77D-6B5F-3033-9FB5-CD632BD5CA37}.MinSizeRel|Win32.Build.0 = MinSizeRel|Win32
		{83B8F77D-6B5F-3033-9FB5-CD632BD5CA37}.RelWithDebInfo|Win32.ActiveCfg = RelWithDebInfo|Win32
		{83B8F77D-6B5F-3033-9FB5-CD632BD5CA37}.RelWithDebInfo|Win32.Build.0 = RelWithDebInfo|Win32
	EndGlobalSection
	GlobalSection(ExtensibilityGlobals) = postSolution
		SolutionGuid = {7A25306A-CC33-3CE1-9CA8-C5BB76B285D1}
	EndGlobalSection
	GlobalSection(ExtensibilityAddIns) = postSolution
	EndGlobalSection
EndGlobal
