
Microsoft Visual Studio Solution File, Format Version 12.00
# Visual Studio 15
Project("{8BC9CEB8-8B4A-11D0-8D11-00A0C91BC942}") = "ALL_BUILD", "ALL_BUILD.vcxproj", "{81051976-8E63-353C-8F6E-135F230893AD}"
	ProjectSection(ProjectDependencies) = postProject
		{3298169E-B972-39C3-B4F1-A3C2C7536A39} = {3298169E-B972-39C3-B4F1-A3C2C7536A39}
		{F73D1405-011F-3F4A-849E-3950B20CB21A} = {F73D1405-011F-3F4A-849E-3950B20CB21A}
	EndProjectSection
EndProject
Project("{8BC9CEB8-8B4A-11D0-8D11-00A0C91BC942}") = "INSTALL", "INSTALL.vcxproj", "{9D5A2EC0-27A2-3981-A4B5-0E755CB9FFED}"
	ProjectSection(ProjectDependencies) = postProject
		{81051976-8E63-353C-8F6E-135F230893AD} = {81051976-8E63-353C-8F6E-135F230893AD}
		{3298169E-B972-39C3-B4F1-A3C2C7536A39} = {3298169E-B972-39C3-B4F1-A3C2C7536A39}
	EndProjectSection
EndProject
Project("{8BC9CEB8-8B4A-11D0-8D11-00A0C91BC942}") = "ZERO_CHECK", "ZERO_CHECK.vcxproj", "{3298169E-B972-39C3-B4F1-A3C2C7536A39}"
	ProjectSection(ProjectDependencies) = postProject
	EndProjectSection
EndProject
Project("{8BC9CEB8-8B4A-11D0-8D11-00A0C91BC942}") = "serial", "serial.vcxproj", "{F73D1405-011F-3F4A-849E-3950B20CB21A}"
	ProjectSection(ProjectDependencies) = postProject
		{3298169E-B972-39C3-B4F1-A3C2C7536A39} = {3298169E-B972-39C3-B4F1-A3C2C7536A39}
	EndProjectSection
EndProject
Global
	GlobalSection(SolutionConfigurationPlatforms) = preSolution
		Debug|x64 = Debug|x64
		Release|x64 = Release|x64
		MinSizeRel|x64 = MinSizeRel|x64
		RelWithDebInfo|x64 = RelWithDebInfo|x64
	EndGlobalSection
	GlobalSection(ProjectConfigurationPlatforms) = postSolution
		{81051976-8E63-353C-8F6E-135F230893AD}.Debug|x64.ActiveCfg = Debug|x64
		{81051976-8E63-353C-8F6E-135F230893AD}.Debug|x64.Build.0 = Debug|x64
		{81051976-8E63-353C-8F6E-135F230893AD}.Release|x64.ActiveCfg = Release|x64
		{81051976-8E63-353C-8F6E-135F230893AD}.Release|x64.Build.0 = Release|x64
		{81051976-8E63-353C-8F6E-135F230893AD}.MinSizeRel|x64.ActiveCfg = MinSizeRel|x64
		{81051976-8E63-353C-8F6E-135F230893AD}.MinSizeRel|x64.Build.0 = MinSizeRel|x64
		{81051976-8E63-353C-8F6E-135F230893AD}.RelWithDebInfo|x64.ActiveCfg = RelWithDebInfo|x64
		{81051976-8E63-353C-8F6E-135F230893AD}.RelWithDebInfo|x64.Build.0 = RelWithDebInfo|x64
		{9D5A2EC0-27A2-3981-A4B5-0E755CB9FFED}.Debug|x64.ActiveCfg = Debug|x64
		{9D5A2EC0-27A2-3981-A4B5-0E755CB9FFED}.Release|x64.ActiveCfg = Release|x64
		{9D5A2EC0-27A2-3981-A4B5-0E755CB9FFED}.MinSizeRel|x64.ActiveCfg = MinSizeRel|x64
		{9D5A2EC0-27A2-3981-A4B5-0E755CB9FFED}.RelWithDebInfo|x64.ActiveCfg = RelWithDebInfo|x64
		{3298169E-B972-39C3-B4F1-A3C2C7536A39}.Debug|x64.ActiveCfg = Debug|x64
		{3298169E-B972-39C3-B4F1-A3C2C7536A39}.Debug|x64.Build.0 = Debug|x64
		{3298169E-B972-39C3-B4F1-A3C2C7536A39}.Release|x64.ActiveCfg = Release|x64
		{3298169E-B972-39C3-B4F1-A3C2C7536A39}.Release|x64.Build.0 = Release|x64
		{3298169E-B972-39C3-B4F1-A3C2C7536A39}.MinSizeRel|x64.ActiveCfg = MinSizeRel|x64
		{3298169E-B972-39C3-B4F1-A3C2C7536A39}.MinSizeRel|x64.Build.0 = MinSizeRel|x64
		{3298169E-B972-39C3-B4F1-A3C2C7536A39}.RelWithDebInfo|x64.ActiveCfg = RelWithDebInfo|x64
		{3298169E-B972-39C3-B4F1-A3C2C7536A39}.RelWithDebInfo|x64.Build.0 = RelWithDebInfo|x64
		{F73D1405-011F-3F4A-849E-3950B20CB21A}.Debug|x64.ActiveCfg = Debug|x64
		{F73D1405-011F-3F4A-849E-3950B20CB21A}.Debug|x64.Build.0 = Debug|x64
		{F73D1405-011F-3F4A-849E-3950B20CB21A}.Release|x64.ActiveCfg = Release|x64
		{F73D1405-011F-3F4A-849E-3950B20CB21A}.Release|x64.Build.0 = Release|x64
		{F73D1405-011F-3F4A-849E-3950B20CB21A}.MinSizeRel|x64.ActiveCfg = MinSizeRel|x64
		{F73D1405-011F-3F4A-849E-3950B20CB21A}.MinSizeRel|x64.Build.0 = MinSizeRel|x64
		{F73D1405-011F-3F4A-849E-3950B20CB21A}.RelWithDebInfo|x64.ActiveCfg = RelWithDebInfo|x64
		{F73D1405-011F-3F4A-849E-3950B20CB21A}.RelWithDebInfo|x64.Build.0 = RelWithDebInfo|x64
	EndGlobalSection
	GlobalSection(ExtensibilityGlobals) = postSolution
		SolutionGuid = {0F118AE4-B519-3492-9075-22AE2FEA963F}
	EndGlobalSection
	GlobalSection(ExtensibilityAddIns) = postSolution
	EndGlobalSection
EndGlobal
